
Microsoft Visual Studio Solution File, Format Version 12.00
# Visual Studio 15
VisualStudioVersion = 15.0.27130.2027
MinimumVisualStudioVersion = 10.0.40219.1
Project("{FAE04EC0-301F-11D3-BF4B-00C04F79EFBC}") = "GZipTest", "GZipTest\GZipTest.csproj", "{DD9FD429-CA93-45B5-86F3-1EEC32CB6A5F}"
EndProject
Global
	GlobalSection(SolutionConfigurationPlatforms) = preSolution
		Debug|Any CPU = Debug|Any CPU
		Release|Any CPU = Release|Any CPU
	EndGlobalSection
	GlobalSection(ProjectConfigurationPlatforms) = postSolution
		{DD9FD429-CA93-45B5-86F3-1EEC32CB6A5F}.Debug|Any CPU.ActiveCfg = Debug|Any CPU
		{DD9FD429-CA93-45B5-86F3-1EEC32CB6A5F}.Debug|Any CPU.Build.0 = Debug|Any CPU
		{DD9FD429-CA93-45B5-86F3-1EEC32CB6A5F}.Release|Any CPU.ActiveCfg = Release|Any CPU
		{DD9FD429-CA93-45B5-86F3-1EEC32CB6A5F}.Release|Any CPU.Build.0 = Release|Any CPU
	EndGlobalSection
	GlobalSection(SolutionProperties) = preSolution
		HideSolutionNode = FALSE
	EndGlobalSection
	GlobalSection(ExtensibilityGlobals) = postSolution
		SolutionGuid = {A6936C1E-C7C8-4EE1-97A1-09D62B51F3A4}
	EndGlobalSection
	GlobalSection(TeamFoundationVersionControl) = preSolution
		SccNumberOfProjects = 2
		SccEnterpriseProvider = {4CA58AB2-18FA-4F8D-95D4-32DDF27D184C}
		SccTeamFoundationServer = https://allex32.visualstudio.com/
		SccLocalPath0 = .
		SccProjectUniqueName1 = GZipTest\\GZipTest.csproj
		SccProjectName1 = GZipTest
		SccLocalPath1 = GZipTest
	EndGlobalSection
EndGlobal
